<?xml version="1.0" encoding="utf-8"?>
<Project ToolsVersion="4.0" xmlns="http://schemas.microsoft.com/developer/msbuild/2003">
  <ItemGroup>
    <Filter Include="Features">
      <UniqueIdentifier>{34654d4b-78e5-482e-8a8a-7e742347fff7}</UniqueIdentifier>
    </Filter>
    <Filter Include="Helper">
      <UniqueIdentifier>{e5bbc216-4ca3-4865-b9a8-68594b168499}</UniqueIdentifier>
    </Filter>
    <Filter Include="MemoryManager">
      <UniqueIdentifier>{4FC737F1-C7A5-4376-A066-2A32D752A2FF}</UniqueIdentifier>
      <Extensions>cpp;c;cc;cxx;def;odl;idl;hpj;bat;asm;asmx</Extensions>
    </Filter>
  </ItemGroup>
  <ItemGroup>
    <ClInclude Include="Misc.h">
      <Filter>Features</Filter>
    </ClInclude>
    <ClInclude Include="Visuals.h">
      <Filter>Features</Filter>
    </ClInclude>
    <ClInclude Include="Offsets.h">
      <Filter>Helper</Filter>
    </ClInclude>
    <ClInclude Include="LocalPlayer.h">
      <Filter>Helper</Filter>
    </ClInclude>
    <ClInclude Include="Includes.h">
      <Filter>Helper</Filter>
    </ClInclude>
    <ClInclude Include="Entity.h">
      <Filter>Helper</Filter>
    </ClInclude>
    <ClInclude Include="MemManager.h">
      <Filter>MemoryManager</Filter>
    </ClInclude>
  </ItemGroup>
  <ItemGroup>
    <ClCompile Include="MemManager.cpp">
      <Filter>MemoryManager</Filter>
    </ClCompile>
    <ClCompile Include="Misc.cpp">
      <Filter>Features</Filter>
    </ClCompile>
    <ClCompile Include="Visuals.cpp">
      <Filter>Features</Filter>
    </ClCompile>
    <ClCompile Include="Entity.cpp">
      <Filter>Helper</Filter>
    </ClCompile>
    <ClCompile Include="LocalPlayer.cpp">
      <Filter>Helper</Filter>
    </ClCompile>
    <ClCompile Include="Includes.cpp">
      <Filter>Helper</Filter>
    </ClCompile>
    <ClCompile Include="Offsets.cpp">
      <Filter>Helper</Filter>
    </ClCompile>
    <ClCompile Include="Main.cpp" />
  </ItemGroup>
  <ItemGroup>
    <Text Include="Uncommented Stuff.txt" />
  </ItemGroup>
</Project>